
Microsoft Visual Studio Solution File, Format Version 12.00
# Visual Studio Version 17
VisualStudioVersion = 17.1.32328.378
MinimumVisualStudioVersion = 10.0.40219.1
Project("{FAE04EC0-301F-11D3-BF4B-00C04F79EFBC}") = "Kursach_Zherzdev", "Kursach_Zherzdev\Kursach_Zherzdev.csproj", "{F85C4696-7E77-480D-A7DF-2A815DCA8C96}"
EndProject
Project("{FAE04EC0-301F-11D3-BF4B-00C04F79EFBC}") = "Kursach_Zherzdev.Tests", "Kursach_Zherzdev.Tests\Kursach_Zherzdev.Tests.csproj", "{43803B3D-1F28-41CC-8C96-BE7F17AFFD05}"
EndProject
Global
	GlobalSection(SolutionConfigurationPlatforms) = preSolution
		Debug|Any CPU = Debug|Any CPU
		Release|Any CPU = Release|Any CPU
	EndGlobalSection
	GlobalSection(ProjectConfigurationPlatforms) = postSolution
		{F85C4696-7E77-480D-A7DF-2A815DCA8C96}.Debug|Any CPU.ActiveCfg = Debug|Any CPU
		{F85C4696-7E77-480D-A7DF-2A815DCA8C96}.Debug|Any CPU.Build.0 = Debug|Any CPU
		{F85C4696-7E77-480D-A7DF-2A815DCA8C96}.Release|Any CPU.ActiveCfg = Release|Any CPU
		{F85C4696-7E77-480D-A7DF-2A815DCA8C96}.Release|Any CPU.Build.0 = Release|Any CPU
		{43803B3D-1F28-41CC-8C96-BE7F17AFFD05}.Debug|Any CPU.ActiveCfg = Debug|Any CPU
		{43803B3D-1F28-41CC-8C96-BE7F17AFFD05}.Debug|Any CPU.Build.0 = Debug|Any CPU
		{43803B3D-1F28-41CC-8C96-BE7F17AFFD05}.Release|Any CPU.ActiveCfg = Release|Any CPU
		{43803B3D-1F28-41CC-8C96-BE7F17AFFD05}.Release|Any CPU.Build.0 = Release|Any CPU
	EndGlobalSection
	GlobalSection(SolutionProperties) = preSolution
		HideSolutionNode = FALSE
	EndGlobalSection
	GlobalSection(ExtensibilityGlobals) = postSolution
		SolutionGuid = {3A14B373-9239-4142-AC7E-BA8D1DB57709}
	EndGlobalSection
EndGlobal
